{
  "version": 1,
  "dependencies": {
    "net10.0": {
      "GitVersion.MsBuild": {
        "type": "Direct",
        "requested": "[6.7.0, )",
        "resolved": "6.7.0",
        "contentHash": "0W5NHnfnogX0pfidRcJfqzfb8Yc/avBfq1qVuaHiHIjbtsjKHt9IFtt18p/ttCCeJlJe9fQliQ3pSkZQcibXlw=="
      },
      "NetEscapades.Configuration.Yaml": {
        "type": "Direct",
        "requested": "[3.1.0, )",
        "resolved": "3.1.0",
        "contentHash": "D5Pxt4hXABna5OwYQmAQukspW7LEoYgvfAqyw85gUF/gnH9pWHsZCLMXy2ewWoQ0PELZ1lOGFLDbDVeoCvtBgA==",
        "dependencies": {
          "Microsoft.Extensions.Configuration": "2.0.0",
          "Microsoft.Extensions.Configuration.FileExtensions": "2.0.0",
          "YamlDotNet": "13.0.1"
        }
      },
      "Microsoft.Extensions.Configuration": {
        "type": "Transitive",
        "resolved": "2.0.0",
        "contentHash": "SsI4RqI8EH00+cYO96tbftlh87sNUv1eeyuBU1XZdQkG0RrHAOjWgl7P0FoLeTSMXJpOnfweeOWj2d1/5H3FxA==",
        "dependencies": {
          "Microsoft.Extensions.Configuration.Abstractions": "2.0.0"
        }
      },
      "Microsoft.Extensions.Configuration.Abstractions": {
        "type": "Transitive",
        "resolved": "2.0.0",
        "contentHash": "rHFrXqMIvQNq51H8RYTO4IWmDOYh8NUzyqGlh0xHWTP6XYnKk7Ryinys2uDs+Vu88b3AMlM3gBBSs78m6OQpYQ==",
        "dependencies": {
          "Microsoft.Extensions.Primitives": "2.0.0"
        }
      },
      "Microsoft.Extensions.Configuration.FileExtensions": {
        "type": "Transitive",
        "resolved": "2.0.0",
        "contentHash": "ebFbu+vsz4rzeAICWavk9a0FutWVs7aNZap5k/IVxVhu2CnnhOp/H/gNtpzplrqjYDaNYdmv9a/DoUvH2ynVEQ==",
        "dependencies": {
          "Microsoft.Extensions.Configuration": "2.0.0",
          "Microsoft.Extensions.FileProviders.Physical": "2.0.0"
        }
      },
      "Microsoft.Extensions.FileProviders.Abstractions": {
        "type": "Transitive",
        "resolved": "2.0.0",
        "contentHash": "Z0AK+hmLO33WAXQ5P1uPzhH7z5yjDHX/XnUefXxE//SyvCb9x4cVjND24dT5566t/yzGp8/WLD7EG9KQKZZklQ==",
        "dependencies": {
          "Microsoft.Extensions.Primitives": "2.0.0"
        }
      },
      "Microsoft.Extensions.FileProviders.Physical": {
        "type": "Transitive",
        "resolved": "2.0.0",
        "contentHash": "DKO2j2socZbHNCCVEWsLVpB3AQIIzKYFNyITVeWdA1jQ829GJIQf4MUD04+1c+Q2kbK03pIKQZmEy4CGIfgDZw==",
        "dependencies": {
          "Microsoft.Extensions.FileProviders.Abstractions": "2.0.0",
          "Microsoft.Extensions.FileSystemGlobbing": "2.0.0"
        }
      },
      "Microsoft.Extensions.FileSystemGlobbing": {
        "type": "Transitive",
        "resolved": "2.0.0",
        "contentHash": "UC87vRDUB7/vSaNY/FVhbdAyRkfFBTkYmcUoglxk6TyTojhSqYaG5pZsoP4e1ZuXktFXJXJBTvK8U/QwCo0z3g=="
      },
      "Microsoft.Extensions.Primitives": {
        "type": "Transitive",
        "resolved": "2.0.0",
        "contentHash": "ukg53qNlqTrK38WA30b5qhw0GD7y3jdI9PHHASjdKyTcBHTevFM2o23tyk3pWCgAV27Bbkm+CPQ2zUe1ZOuYSA=="
      },
      "YamlDotNet": {
        "type": "Transitive",
        "resolved": "13.0.1",
        "contentHash": "E1e/xFXB+Cbn7pLVlr+8E3nemEitIReVgmAMMMveADvZvXGuSGHP+1Cg6oA+SUfwXHfaXLQn4STCaPKtdIJkWA=="
      }
    }
  }
}